
Microsoft Visual Studio Solution File, Format Version 12.00
# Visual Studio Version 17
VisualStudioVersion = 17.5.002.0
MinimumVisualStudioVersion = 10.0.40219.1
Project("{9A19103F-16F7-4668-BE54-9A1E7A4F7556}") = "SudokuHumansResolver", "SudokuHumansResolver.csproj", "{16809059-8F4D-4025-B0C4-7D6E8421B81A}"
EndProject
Project("{9A19103F-16F7-4668-BE54-9A1E7A4F7556}") = "SudokuSolver", "Library\SudokuSolver.csproj", "{83E28663-33AB-482B-91EC-52EACD57E6D8}"
EndProject
Global
	GlobalSection(SolutionConfigurationPlatforms) = preSolution
		Debug|Any CPU = Debug|Any CPU
		Release|Any CPU = Release|Any CPU
	EndGlobalSection
	GlobalSection(ProjectConfigurationPlatforms) = postSolution
		{16809059-8F4D-4025-B0C4-7D6E8421B81A}.Debug|Any CPU.ActiveCfg = Debug|Any CPU
		{16809059-8F4D-4025-B0C4-7D6E8421B81A}.Debug|Any CPU.Build.0 = Debug|Any CPU
		{16809059-8F4D-4025-B0C4-7D6E8421B81A}.Release|Any CPU.ActiveCfg = Release|Any CPU
		{16809059-8F4D-4025-B0C4-7D6E8421B81A}.Release|Any CPU.Build.0 = Release|Any CPU
		{83E28663-33AB-482B-91EC-52EACD57E6D8}.Debug|Any CPU.ActiveCfg = Debug|Any CPU
		{83E28663-33AB-482B-91EC-52EACD57E6D8}.Debug|Any CPU.Build.0 = Debug|Any CPU
		{83E28663-33AB-482B-91EC-52EACD57E6D8}.Release|Any CPU.ActiveCfg = Release|Any CPU
		{83E28663-33AB-482B-91EC-52EACD57E6D8}.Release|Any CPU.Build.0 = Release|Any CPU
	EndGlobalSection
	GlobalSection(SolutionProperties) = preSolution
		HideSolutionNode = FALSE
	EndGlobalSection
	GlobalSection(ExtensibilityGlobals) = postSolution
		SolutionGuid = {B05406BD-E3FC-4F42-A706-7D5A07EC058A}
	EndGlobalSection
EndGlobal
